// !$*UTF8*$!
{
	archiveVersion = 1;
	classes = {
	};
	objectVersion = 48;
	objects = {

/* Begin PBXBuildFile section */
		88F718CA1FD357CE00D70EFA /* AppDelegate.swift in Sources */ = {isa = PBXBuildFile; fileRef = 88F718C91FD357CE00D70EFA /* AppDelegate.swift */; };
		88F718CC1FD357CE00D70EFA /* ViewController.swift in Sources */ = {isa = PBXBuildFile; fileRef = 88F718CB1FD357CE00D70EFA /* ViewController.swift */; };
		88F718CF1FD357CE00D70EFA /* Main.storyboard in Resources */ = {isa = PBXBuildFile; fileRef = 88F718CD1FD357CE00D70EFA /* Main.storyboard */; };
		88F718D11FD357CE00D70EFA /* Assets.xcassets in Resources */ = {isa = PBXBuildFile; fileRef = 88F718D01FD357CE00D70EFA /* Assets.xcassets */; };
		88F718D41FD357CE00D70EFA /* LaunchScreen.storyboard in Resources */ = {isa = PBXBuildFile; fileRef = 88F718D21FD357CE00D70EFA /* LaunchScreen.storyboard */; };
/* End PBXBuildFile section */

/* Begin PBXFileReference section */
		88F718C61FD357CE00D70EFA /* PlaygroundViews.app */ = {isa = PBXFileReference; explicitFileType = wrapper.application; includeInIndex = 0; path = PlaygroundViews.app; sourceTree = BUILT_PRODUCTS_DIR; };
		88F718C91FD357CE00D70EFA /* AppDelegate.swift */ = {isa = PBXFileReference; lastKnownFileType = sourcecode.swift; path = AppDelegate.swift; sourceTree = "<group>"; };
		88F718CB1FD357CE00D70EFA /* ViewController.swift */ = {isa = PBXFileReference; lastKnownFileType = sourcecode.swift; path = ViewController.swift; sourceTree = "<group>"; };
		88F718CE1FD357CE00D70EFA /* Base */ = {isa = PBXFileReference; lastKnownFileType = file.storyboard; name = Base; path = Base.lproj/Main.storyboard; sourceTree = "<group>"; };
		88F718D01FD357CE00D70EFA /* Assets.xcassets */ = {isa = PBXFileReference; lastKnownFileType = folder.assetcatalog; path = Assets.xcassets; sourceTree = "<group>"; };
		88F718D31FD357CE00D70EFA /* Base */ = {isa = PBXFileReference; lastKnownFileType = file.storyboard; name = Base; path = Base.lproj/LaunchScreen.storyboard; sourceTree = "<group>"; };
		88F718D51FD357CE00D70EFA /* Info.plist */ = {isa = PBXFileReference; lastKnownFileType = text.plist.xml; path = Info.plist; sourceTree = "<group>"; };
/* End PBXFileReference section */

/* Begin PBXFrameworksBuildPhase section */
		88F718C31FD357CE00D70EFA /* Frameworks */ = {
			isa = PBXFrameworksBuildPhase;
			buildActionMask = 2147483647;
			files = (
			);
			runOnlyForDeploymentPostprocessing = 0;
		};
/* End PBXFrameworksBuildPhase section */

/* Begin PBXGroup section */
		88F718BD1FD357CE00D70EFA = {
			isa = PBXGroup;
			children = (
				88F718C81FD357CE00D70EFA /* PlaygroundViews */,
				88F718C71FD357CE00D70EFA /* Products */,
			);
			sourceTree = "<group>";
		};
		88F718C71FD357CE00D70EFA /* Products */ = {
			isa = PBXGroup;
			children = (
				88F718C61FD357CE00D70EFA /* PlaygroundViews.app */,
			);
			name = Products;
			sourceTree = "<group>";
		};
		88F718C81FD357CE00D70EFA /* PlaygroundViews */ = {
			isa = PBXGroup;
			children = (
				88F718C91FD357CE00D70EFA /* AppDelegate.swift */,
				88F718CB1FD357CE00D70EFA /* ViewController.swift */,
				88F718CD1FD357CE00D70EFA /* Main.storyboard */,
				88F718D01FD357CE00D70EFA /* Assets.xcassets */,
				88F718D21FD357CE00D70EFA /* LaunchScreen.storyboard */,
				88F718D51FD357CE00D70EFA /* Info.plist */,
			);
			path = PlaygroundViews;
			sourceTree = "<group>";
		};
/* End PBXGroup section */

/* Begin PBXNativeTarget section */
		88F718C51FD357CE00D70EFA /* PlaygroundViews */ = {
			isa = PBXNativeTarget;
			buildConfigurationList = 88F718D81FD357CE00D70EFA /* Build configuration list for PBXNativeTarget "PlaygroundViews" */;
			buildPhases = (
				88F718C21FD357CE00D70EFA /* Sources */,
				88F718C31FD357CE00D70EFA /* Frameworks */,
				88F718C41FD357CE00D70EFA /* Resources */,
			);
			buildRules = (
			);
			dependencies = (
			);
			name = PlaygroundViews;
			productName = PlaygroundViews;
			productReference = 88F718C61FD357CE00D70EFA /* PlaygroundViews.app */;
			productType = "com.apple.product-type.application";
		};
/* End PBXNativeTarget section */

/* Begin PBXProject section */
		88F718BE1FD357CE00D70EFA /* Project object */ = {
			isa = PBXProject;
			attributes = {
				LastSwiftUpdateCheck = 0910;
				LastUpgradeCheck = 0910;
				ORGANIZATIONNAME = solidcell;
				TargetAttributes = {
					88F718C51FD357CE00D70EFA = {
						CreatedOnToolsVersion = 9.1;
						ProvisioningStyle = Automatic;
					};
				};
			};
			buildConfigurationList = 88F718C11FD357CE00D70EFA /* Build configuration list for PBXProject "PlaygroundViews" */;
			compatibilityVersion = "Xcode 8.0";
			developmentRegion = en;
			hasScannedForEncodings = 0;
			knownRegions = (
				en,
				Base,
			);
			mainGroup = 88F718BD1FD357CE00D70EFA;
			productRefGroup = 88F718C71FD357CE00D70EFA /* Products */;
			projectDirPath = "";
			projectRoot = "";
			targets = (
				88F718C51FD357CE00D70EFA /* PlaygroundViews */,
			);
		};
/* End PBXProject section */

/* Begin PBXResourcesBuildPhase section */
		88F718C41FD357CE00D70EFA /* Resources */ = {
			isa = PBXResourcesBuildPhase;
			buildActionMask = 2147483647;
			files = (
				88F718D41FD357CE00D70EFA /* LaunchScreen.storyboard in Resources */,
				88F718D11FD357CE00D70EFA /* Assets.xcassets in Resources */,
				88F718CF1FD357CE00D70EFA /* Main.storyboard in Resources */,
			);
			runOnlyForDeploymentPostprocessing = 0;
		};
/* End PBXResourcesBuildPhase section */

/* Begin PBXSourcesBuildPhase section */
		88F718C21FD357CE00D70EFA /* Sources */ = {
			isa = PBXSourcesBuildPhase;
			buildActionMask = 2147483647;
			files = (
				88F718CC1FD357CE00D70EFA /* ViewController.swift in Sources */,
				88F718CA1FD357CE00D70EFA /* AppDelegate.swift in Sources */,
			);
			runOnlyForDeploymentPostprocessing = 0;
		};
/* End PBXSourcesBuildPhase section */

/* Begin PBXVariantGroup section */
		88F718CD1FD357CE00D70EFA /* Main.storyboard */ = {
			isa = PBXVariantGroup;
			children = (
				88F718CE1FD357CE00D70EFA /* Base */,
			);
			name = Main.storyboard;
			sourceTree = "<group>";
		};
		88F718D21FD357CE00D70EFA /* LaunchScreen.storyboard */ = {
			isa = PBXVariantGroup;
			children = (
				88F718D31FD357CE00D70EFA /* Base */,
			);
			name = LaunchScreen.storyboard;
			sourceTree = "<group>";
		};
/* End PBXVariantGroup section */

/* Begin XCBuildConfiguration section */
		88F718D61FD357CE00D70EFA /* Debug */ = {
			isa = XCBuildConfiguration;
			buildSettings = {
				ALWAYS_SEARCH_USER_PATHS = NO;
				CLANG_ANALYZER_NONNULL = YES;
				CLANG_ANALYZER_NUMBER_OBJECT_CONVERSION = YES_AGGRESSIVE;
				CLANG_CXX_LANGUAGE_STANDARD = "gnu++14";
				CLANG_CXX_LIBRARY = "libc++";
				CLANG_ENABLE_MODULES = YES;
				CLANG_ENABLE_OBJC_ARC = YES;
				CLANG_WARN_BLOCK_CAPTURE_AUTORELEASING = YES;
				CLANG_WARN_BOOL_CONVERSION = YES;
				CLANG_WARN_COMMA = YES;
				CLANG_WARN_CONSTANT_CONVERSION = YES;
				CLANG_WARN_DIRECT_OBJC_ISA_USAGE = YES_ERROR;
				CLANG_WARN_DOCUMENTATION_COMMENTS = YES;
				CLANG_WARN_EMPTY_BODY = YES;
				CLANG_WARN_ENUM_CONVERSION = YES;
				CLANG_WARN_INFINITE_RECURSION = YES;
				CLANG_WARN_INT_CONVERSION = YES;
				CLANG_WARN_NON_LITERAL_NULL_CONVERSION = YES;
				CLANG_WARN_OBJC_LITERAL_CONVERSION = YES;
				CLANG_WARN_OBJC_ROOT_CLASS = YES_ERROR;
				CLANG_WARN_RANGE_LOOP_ANALYSIS = YES;
				CLANG_WARN_STRICT_PROTOTYPES = YES;
				CLANG_WARN_SUSPICIOUS_MOVE = YES;
				CLANG_WARN_UNGUARDED_AVAILABILITY = YES_AGGRESSIVE;
				CLANG_WARN_UNREACHABLE_CODE = YES;
				CLANG_WARN__DUPLICATE_METHOD_MATCH = YES;
				CODE_SIGN_IDENTITY = "iPhone Developer";
				COPY_PHASE_STRIP = NO;
				DEBUG_INFORMATION_FORMAT = dwarf;
				ENABLE_STRICT_OBJC_MSGSEND = YES;
				ENABLE_TESTABILITY = YES;
				GCC_C_LANGUAGE_STANDARD = gnu11;
				GCC_DYNAMIC_NO_PIC = NO;
				GCC_NO_COMMON_BLOCKS = YES;
				GCC_OPTIMIZATION_LEVEL = 0;
				GCC_PREPROCESSOR_DEFINITIONS = (
					"DEBUG=1",
					"$(inherited)",
				);
				GCC_WARN_64_TO_32_BIT_CONVERSION = YES;
				GCC_WARN_ABOUT_RETURN_TYPE = YES_ERROR;
				GCC_WARN_UNDECLARED_SELECTOR = YES;
				GCC_WARN_UNINITIALIZED_AUTOS = YES_AGGRESSIVE;
				GCC_WARN_UNUSED_FUNCTION = YES;
				GCC_WARN_UNUSED_VARIABLE = YES;
				IPHONEOS_DEPLOYMENT_TARGET = 11.1;
				MTL_ENABLE_DEBUG_INFO = YES;
				ONLY_ACTIVE_ARCH = YES;
				SDKROOT = iphoneos;
				SWIFT_ACTIVE_COMPILATION_CONDITIONS = DEBUG;
				SWIFT_OPTIMIZATION_LEVEL = "-Onone";
			};
			name = Debug;
		};
		88F718D71FD357CE00D70EFA /* Release */ = {
			isa = XCBuildConfiguration;
			buildSettings = {
				ALWAYS_SEARCH_USER_PATHS = NO;
				CLANG_ANALYZER_NONNULL = YES;
				CLANG_ANALYZER_NUMBER_OBJECT_CONVERSION = YES_AGGRESSIVE;
				CLANG_CXX_LANGUAGE_STANDARD = "gnu++14";
				CLANG_CXX_LIBRARY = "libc++";
				CLANG_ENABLE_MODULES = YES;
				CLANG_ENABLE_OBJC_ARC = YES;
				CLANG_WARN_BLOCK_CAPTURE_AUTORELEASING = YES;
				CLANG_WARN_BOOL_CONVERSION = YES;
				CLANG_WARN_COMMA = YES;
				CLANG_WARN_CONSTANT_CONVERSION = YES;
				CLANG_WARN_DIRECT_OBJC_ISA_USAGE = YES_ERROR;
				CLANG_WARN_DOCUMENTATION_COMMENTS = YES;
				CLANG_WARN_EMPTY_BODY = YES;
				CLANG_WARN_ENUM_CONVERSION = YES;
				CLANG_WARN_INFINITE_RECURSION = YES;
				CLANG_WARN_INT_CONVERSION = YES;
				CLANG_WARN_NON_LITERAL_NULL_CONVERSION = YES;
				CLANG_WARN_OBJC_LITERAL_CONVERSION = YES;
				CLANG_WARN_OBJC_ROOT_CLASS = YES_ERROR;
				CLANG_WARN_RANGE_LOOP_ANALYSIS = YES;
				CLANG_WARN_STRICT_PROTOTYPES = YES;
				CLANG_WARN_SUSPICIOUS_MOVE = YES;
				CLANG_WARN_UNGUARDED_AVAILABILITY = YES_AGGRESSIVE;
				CLANG_WARN_UNREACHABLE_CODE = YES;
				CLANG_WARN__DUPLICATE_METHOD_MATCH = YES;
				CODE_SIGN_IDENTITY = "iPhone Developer";
				COPY_PHASE_STRIP = NO;
				DEBUG_INFORMATION_FORMAT = "dwarf-with-dsym";
				ENABLE_NS_ASSERTIONS = NO;
				ENABLE_STRICT_OBJC_MSGSEND = YES;
				GCC_C_LANGUAGE_STANDARD = gnu11;
				GCC_NO_COMMON_BLOCKS = YES;
				GCC_WARN_64_TO_32_BIT_CONVERSION = YES;
				GCC_WARN_ABOUT_RETURN_TYPE = YES_ERROR;
				GCC_WARN_UNDECLARED_SELECTOR = YES;
				GCC_WARN_UNINITIALIZED_AUTOS = YES_AGGRESSIVE;
				GCC_WARN_UNUSED_FUNCTION = YES;
				GCC_WARN_UNUSED_VARIABLE = YES;
				IPHONEOS_DEPLOYMENT_TARGET = 11.1;
				MTL_ENABLE_DEBUG_INFO = NO;
				SDKROOT = iphoneos;
				SWIFT_OPTIMIZATION_LEVEL = "-Owholemodule";
				VALIDATE_PRODUCT = YES;
			};
			name = Release;
		};
		88F718D91FD357CE00D70EFA /* Debug */ = {
			isa = XCBuildConfiguration;
			buildSettings = {
				ASSETCATALOG_COMPILER_APPICON_NAME = AppIcon;
				CODE_SIGN_STYLE = Automatic;
				INFOPLIST_FILE = PlaygroundViews/Info.plist;
				LD_RUNPATH_SEARCH_PATHS = "$(inherited) @executable_path/Frameworks";
				PRODUCT_BUNDLE_IDENTIFIER = com.solidcell.PlaygroundViews;
				PRODUCT_NAME = "$(TARGET_NAME)";
				SWIFT_VERSION = 4.0;
				TARGETED_DEVICE_FAMILY = "1,2";
			};
			name = Debug;
		};
		88F718DA1FD357CE00D70EFA /* Release */ = {
			isa = XCBuildConfiguration;
			buildSettings = {
				ASSETCATALOG_COMPILER_APPICON_NAME = AppIcon;
				CODE_SIGN_STYLE = Automatic;
				INFOPLIST_FILE = PlaygroundViews/Info.plist;
				LD_RUNPATH_SEARCH_PATHS = "$(inherited) @executable_path/Frameworks";
				PRODUCT_BUNDLE_IDENTIFIER = com.solidcell.PlaygroundViews;
				PRODUCT_NAME = "$(TARGET_NAME)";
				SWIFT_VERSION = 4.0;
				TARGETED_DEVICE_FAMILY = "1,2";
			};
			name = Release;
		};
/* End XCBuildConfiguration section */

/* Begin XCConfigurationList section */
		88F718C11FD357CE00D70EFA /* Build configuration list for PBXProject "PlaygroundViews" */ = {
			isa = XCConfigurationList;
			buildConfigurations = (
				88F718D61FD357CE00D70EFA /* Debug */,
				88F718D71FD357CE00D70EFA /* Release */,
			);
			defaultConfigurationIsVisible = 0;
			defaultConfigurationName = Release;
		};
		88F718D81FD357CE00D70EFA /* Build configuration list for PBXNativeTarget "PlaygroundViews" */ = {
			isa = XCConfigurationList;
			buildConfigurations = (
				88F718D91FD357CE00D70EFA /* Debug */,
				88F718DA1FD357CE00D70EFA /* Release */,
			);
			defaultConfigurationIsVisible = 0;
			defaultConfigurationName = Release;
		};
/* End XCConfigurationList section */
	};
	rootObject = 88F718BE1FD357CE00D70EFA /* Project object */;
}
